
Microsoft Visual Studio Solution File, Format Version 12.00
# Visual Studio Version 16
VisualStudioVersion = 16.0.32930.78
MinimumVisualStudioVersion = 10.0.40219.1
Project("{FAE04EC0-301F-11D3-BF4B-00C04F79EFBC}") = "SalesWebMvc", "SalesWebMvc\SalesWebMvc.csproj", "{A05A7137-1A7E-4AF3-A012-6D9884CA96CE}"
EndProject
Global
	GlobalSection(SolutionConfigurationPlatforms) = preSolution
		Debug|Any CPU = Debug|Any CPU
		Release|Any CPU = Release|Any CPU
	EndGlobalSection
	GlobalSection(ProjectConfigurationPlatforms) = postSolution
		{A05A7137-1A7E-4AF3-A012-6D9884CA96CE}.Debug|Any CPU.ActiveCfg = Debug|Any CPU
		{A05A7137-1A7E-4AF3-A012-6D9884CA96CE}.Debug|Any CPU.Build.0 = Debug|Any CPU
		{A05A7137-1A7E-4AF3-A012-6D9884CA96CE}.Release|Any CPU.ActiveCfg = Release|Any CPU
		{A05A7137-1A7E-4AF3-A012-6D9884CA96CE}.Release|Any CPU.Build.0 = Release|Any CPU
	EndGlobalSection
	GlobalSection(SolutionProperties) = preSolution
		HideSolutionNode = FALSE
	EndGlobalSection
	GlobalSection(ExtensibilityGlobals) = postSolution
		SolutionGuid = {02A468B9-0E04-4574-B23A-279A5D373799}
	EndGlobalSection
EndGlobal
